
Microsoft Visual Studio Solution File, Format Version 12.00
# Visual Studio 15
VisualStudioVersion = 15.0.27004.2005
MinimumVisualStudioVersion = 10.0.40219.1
Project("{9A19103F-16F7-4668-BE54-9A1E7A4F7556}") = "MoonSharp.Extensions", "MoonSharp.Extensions\MoonSharp.Extensions.csproj", "{6C02AC8D-FEAB-4746-AFA6-1F9A7BC23727}"
EndProject
Project("{2150E333-8FDC-42A3-9474-1A3956D46DE8}") = "Samples", "Samples", "{4D6EA49F-7F00-438E-87E1-4604B109EA5F}"
EndProject
Project("{9A19103F-16F7-4668-BE54-9A1E7A4F7556}") = "MoonSharp.Extensions.WebSupport", "MoonSharp.Extensions.WebSupport\MoonSharp.Extensions.WebSupport.csproj", "{73B701C2-8AE5-41C1-B3AF-B64DC1BF992D}"
EndProject
Project("{9A19103F-16F7-4668-BE54-9A1E7A4F7556}") = "MoonSharp.Extensions.DateTimeSupport", "MoonSharp.Extensions.DateTimeSupport\MoonSharp.Extensions.DateTimeSupport.csproj", "{E670B0FA-E82B-4BC9-B0AB-E69E8E83C391}"
EndProject
Project("{9A19103F-16F7-4668-BE54-9A1E7A4F7556}") = "MoonSharp.Extensions.ChineseCalendarSupport", "MoonSharp.Extensions.ChineseCalendarSupport\MoonSharp.Extensions.ChineseCalendarSupport.csproj", "{98BB1D3A-2440-4413-8D3C-7F43B548BC89}"
EndProject
Project("{9A19103F-16F7-4668-BE54-9A1E7A4F7556}") = "ConsoleAppCore", "Samples.ConsoleAppCore\ConsoleAppCore.csproj", "{5A0DD8B3-430C-43AC-9A6E-21F4BD251A83}"
EndProject
Global
	GlobalSection(SolutionConfigurationPlatforms) = preSolution
		Debug|Any CPU = Debug|Any CPU
		Release|Any CPU = Release|Any CPU
	EndGlobalSection
	GlobalSection(ProjectConfigurationPlatforms) = postSolution
		{6C02AC8D-FEAB-4746-AFA6-1F9A7BC23727}.Debug|Any CPU.ActiveCfg = Debug|Any CPU
		{6C02AC8D-FEAB-4746-AFA6-1F9A7BC23727}.Debug|Any CPU.Build.0 = Debug|Any CPU
		{6C02AC8D-FEAB-4746-AFA6-1F9A7BC23727}.Release|Any CPU.ActiveCfg = Release|Any CPU
		{6C02AC8D-FEAB-4746-AFA6-1F9A7BC23727}.Release|Any CPU.Build.0 = Release|Any CPU
		{73B701C2-8AE5-41C1-B3AF-B64DC1BF992D}.Debug|Any CPU.ActiveCfg = Debug|Any CPU
		{73B701C2-8AE5-41C1-B3AF-B64DC1BF992D}.Debug|Any CPU.Build.0 = Debug|Any CPU
		{73B701C2-8AE5-41C1-B3AF-B64DC1BF992D}.Release|Any CPU.ActiveCfg = Release|Any CPU
		{73B701C2-8AE5-41C1-B3AF-B64DC1BF992D}.Release|Any CPU.Build.0 = Release|Any CPU
		{E670B0FA-E82B-4BC9-B0AB-E69E8E83C391}.Debug|Any CPU.ActiveCfg = Debug|Any CPU
		{E670B0FA-E82B-4BC9-B0AB-E69E8E83C391}.Debug|Any CPU.Build.0 = Debug|Any CPU
		{E670B0FA-E82B-4BC9-B0AB-E69E8E83C391}.Release|Any CPU.ActiveCfg = Release|Any CPU
		{E670B0FA-E82B-4BC9-B0AB-E69E8E83C391}.Release|Any CPU.Build.0 = Release|Any CPU
		{98BB1D3A-2440-4413-8D3C-7F43B548BC89}.Debug|Any CPU.ActiveCfg = Debug|Any CPU
		{98BB1D3A-2440-4413-8D3C-7F43B548BC89}.Debug|Any CPU.Build.0 = Debug|Any CPU
		{98BB1D3A-2440-4413-8D3C-7F43B548BC89}.Release|Any CPU.ActiveCfg = Release|Any CPU
		{98BB1D3A-2440-4413-8D3C-7F43B548BC89}.Release|Any CPU.Build.0 = Release|Any CPU
		{5A0DD8B3-430C-43AC-9A6E-21F4BD251A83}.Debug|Any CPU.ActiveCfg = Debug|Any CPU
		{5A0DD8B3-430C-43AC-9A6E-21F4BD251A83}.Debug|Any CPU.Build.0 = Debug|Any CPU
		{5A0DD8B3-430C-43AC-9A6E-21F4BD251A83}.Release|Any CPU.ActiveCfg = Release|Any CPU
		{5A0DD8B3-430C-43AC-9A6E-21F4BD251A83}.Release|Any CPU.Build.0 = Release|Any CPU
	EndGlobalSection
	GlobalSection(SolutionProperties) = preSolution
		HideSolutionNode = FALSE
	EndGlobalSection
	GlobalSection(NestedProjects) = preSolution
		{5A0DD8B3-430C-43AC-9A6E-21F4BD251A83} = {4D6EA49F-7F00-438E-87E1-4604B109EA5F}
	EndGlobalSection
	GlobalSection(ExtensibilityGlobals) = postSolution
		SolutionGuid = {F2C53535-27EF-45EA-BE1C-7AA01125FA2B}
	EndGlobalSection
	GlobalSection(TeamFoundationVersionControl) = preSolution
		SccNumberOfProjects = 6
		SccEnterpriseProvider = {4CA58AB2-18FA-4F8D-95D4-32DDF27D184C}
		SccTeamFoundationServer = http://tfs.zmland.com:8080/tfs/zmland.com
		SccLocalPath0 = .
		SccProjectUniqueName1 = MoonSharp.Extensions\\MoonSharp.Extensions.csproj
		SccProjectName1 = MoonSharp.Extensions
		SccLocalPath1 = MoonSharp.Extensions
		SccProjectUniqueName2 = MoonSharp.Extensions.WebSupport\\MoonSharp.Extensions.WebSupport.csproj
		SccProjectName2 = MoonSharp.Extensions.WebSupport
		SccLocalPath2 = MoonSharp.Extensions.WebSupport
		SccProjectUniqueName3 = MoonSharp.Extensions.DateTimeSupport\\MoonSharp.Extensions.DateTimeSupport.csproj
		SccProjectName3 = MoonSharp.Extensions.DateTimeSupport
		SccLocalPath3 = MoonSharp.Extensions.DateTimeSupport
		SccProjectUniqueName4 = MoonSharp.Extensions.ChineseCalendarSupport\\MoonSharp.Extensions.ChineseCalendarSupport.csproj
		SccProjectName4 = MoonSharp.Extensions.ChineseCalendarSupport
		SccLocalPath4 = MoonSharp.Extensions.ChineseCalendarSupport
		SccProjectUniqueName5 = Samples.ConsoleAppCore\\ConsoleAppCore.csproj
		SccProjectTopLevelParentUniqueName5 = MoonSharp.Extensions.sln
		SccProjectName5 = Samples.ConsoleAppCore
		SccLocalPath5 = Samples.ConsoleAppCore
	EndGlobalSection
EndGlobal
